
Microsoft Visual Studio Solution File, Format Version 12.00
# Visual Studio Version 17
VisualStudioVersion = 17.8.34601.278
MinimumVisualStudioVersion = 10.0.40219.1
Project("{FAE04EC0-301F-11D3-BF4B-00C04F79EFBC}") = "GitDiagram.net", "GitDiagram\GitDiagram.net.csproj", "{DE8E529C-7C84-4888-A6D2-AE9A183629AD}"
EndProject
Global
	GlobalSection(SolutionConfigurationPlatforms) = preSolution
		Debug|Any CPU = Debug|Any CPU
		Release|Any CPU = Release|Any CPU
	EndGlobalSection
	GlobalSection(ProjectConfigurationPlatforms) = postSolution
		{DE8E529C-7C84-4888-A6D2-AE9A183629AD}.Debug|Any CPU.ActiveCfg = Debug|Any CPU
		{DE8E529C-7C84-4888-A6D2-AE9A183629AD}.Debug|Any CPU.Build.0 = Debug|Any CPU
		{DE8E529C-7C84-4888-A6D2-AE9A183629AD}.Release|Any CPU.ActiveCfg = Release|Any CPU
		{DE8E529C-7C84-4888-A6D2-AE9A183629AD}.Release|Any CPU.Build.0 = Release|Any CPU
	EndGlobalSection
	GlobalSection(SolutionProperties) = preSolution
		HideSolutionNode = FALSE
	EndGlobalSection
	GlobalSection(ExtensibilityGlobals) = postSolution
		SolutionGuid = {661E9BF2-9A24-47F7-9402-F5342ED63290}
	EndGlobalSection
EndGlobal
